<Solution>
  <Folder Name="/ArticleService/">
    <Project Path="ArticleService/ArticleService.Api/ArticleService.Api.csproj" />
    <Project Path="ArticleService/ArticleService.Application/ArticleService.Application.csproj" />
    <Project Path="ArticleService/ArticleService.Domain/ArticleService.Domain.csproj" />
    <Project Path="ArticleService/ArticleService.Infrastructure/ArticleService.Infrastructure.csproj" />
  </Folder>
  <Folder Name="/BuildingBlocks/">
    <Project Path="BuildingBlocks/BuildingBlocks.Contracts/BuildingBlocks.Contracts.csproj" Id="bfe8b74c-f8a5-4c07-b323-8de190989a90" />
  </Folder>
  <Folder Name="/PriceService/">
    <Project Path="PriceService/PriceService.Api/PriceService.Api.csproj" Id="af57b852-96b1-4ae1-9904-2b1d3a71de31" />
    <Project Path="PriceService/PriceService.Application/PriceService.Application.csproj" Id="bb416305-b881-4c68-8661-00be18e4d818" />
    <Project Path="PriceService/PriceService.Domain.UnitTests/PriceService.Domain.UnitTests.csproj" Id="3d6af7d5-ffd1-4fc1-8407-c591bdc7cd1c" />
    <Project Path="PriceService/PriceService.Domain/PriceService.Domain.csproj" Id="95dcf044-9c19-43b2-bcd6-6e89f3a7af77" />
    <Project Path="PriceService/PriceService.Infrastructure/PriceService.Infrastructure.csproj" Id="a7f6eb2c-f013-40d8-abc7-7d3472ffd238" />
  </Folder>
  <Folder Name="/Solution Items/">
    <File Path=".env" />
    <File Path=".env.example" />
    <File Path="docker-compose.yml" />
  </Folder>
  <Folder Name="/StockService/">
    <Project Path="StockService/StockService.Application/StockService.Application.csproj" Id="856592aa-b23e-48fd-acc1-868d1266037a" />
    <Project Path="StockService/StockService.Domain/StockService.Domain.csproj" Id="7da9f1a4-7a1f-49f0-813b-cfafe5ec5796" />
    <Project Path="StockService/StockService.Infrastructure/StockService.Infrastructure.csproj" Id="74696c2b-1d50-40da-aa3f-4e3948e3bb5d" />
    <Project Path="StockService/StockService/StockService.Api.csproj" Id="4ec13ec2-1b3b-42ab-b38a-b088dee194f6" />
  </Folder>
</Solution>
